
Microsoft Visual Studio Solution File, Format Version 12.00
# Visual Studio 15
VisualStudioVersion = 15.0.28307.1401
MinimumVisualStudioVersion = 10.0.40219.1
Project("{8BC9CEB8-8B4A-11D0-8D11-00A0C91BC942}") = "118 全局函数做友元", "118 全局函数做友元\118 全局函数做友元.vcxproj", "{FC14A418-2F84-44A5-A03F-4D2BB75FC585}"
EndProject
Global
	GlobalSection(SolutionConfigurationPlatforms) = preSolution
		Debug|x64 = Debug|x64
		Debug|x86 = Debug|x86
		Release|x64 = Release|x64
		Release|x86 = Release|x86
	EndGlobalSection
	GlobalSection(ProjectConfigurationPlatforms) = postSolution
		{FC14A418-2F84-44A5-A03F-4D2BB75FC585}.Debug|x64.ActiveCfg = Debug|x64
		{FC14A418-2F84-44A5-A03F-4D2BB75FC585}.Debug|x64.Build.0 = Debug|x64
		{FC14A418-2F84-44A5-A03F-4D2BB75FC585}.Debug|x86.ActiveCfg = Debug|Win32
		{FC14A418-2F84-44A5-A03F-4D2BB75FC585}.Debug|x86.Build.0 = Debug|Win32
		{FC14A418-2F84-44A5-A03F-4D2BB75FC585}.Release|x64.ActiveCfg = Release|x64
		{FC14A418-2F84-44A5-A03F-4D2BB75FC585}.Release|x64.Build.0 = Release|x64
		{FC14A418-2F84-44A5-A03F-4D2BB75FC585}.Release|x86.ActiveCfg = Release|Win32
		{FC14A418-2F84-44A5-A03F-4D2BB75FC585}.Release|x86.Build.0 = Release|Win32
	EndGlobalSection
	GlobalSection(SolutionProperties) = preSolution
		HideSolutionNode = FALSE
	EndGlobalSection
	GlobalSection(ExtensibilityGlobals) = postSolution
		SolutionGuid = {A84BF7E0-CE97-42C7-B631-2400F8604FBF}
	EndGlobalSection
EndGlobal
