
Microsoft Visual Studio Solution File, Format Version 12.00
# Visual Studio 15
VisualStudioVersion = 15.0.28307.1401
MinimumVisualStudioVersion = 10.0.40219.1
Project("{8BC9CEB8-8B4A-11D0-8D11-00A0C91BC942}") = "103 类和对象 成员属性私有化", "103 类和对象 成员属性私有化\103 类和对象 成员属性私有化.vcxproj", "{C0F0AE3D-2680-4EDE-BDD0-67915401E4B0}"
EndProject
Global
	GlobalSection(SolutionConfigurationPlatforms) = preSolution
		Debug|x64 = Debug|x64
		Debug|x86 = Debug|x86
		Release|x64 = Release|x64
		Release|x86 = Release|x86
	EndGlobalSection
	GlobalSection(ProjectConfigurationPlatforms) = postSolution
		{C0F0AE3D-2680-4EDE-BDD0-67915401E4B0}.Debug|x64.ActiveCfg = Debug|x64
		{C0F0AE3D-2680-4EDE-BDD0-67915401E4B0}.Debug|x64.Build.0 = Debug|x64
		{C0F0AE3D-2680-4EDE-BDD0-67915401E4B0}.Debug|x86.ActiveCfg = Debug|Win32
		{C0F0AE3D-2680-4EDE-BDD0-67915401E4B0}.Debug|x86.Build.0 = Debug|Win32
		{C0F0AE3D-2680-4EDE-BDD0-67915401E4B0}.Release|x64.ActiveCfg = Release|x64
		{C0F0AE3D-2680-4EDE-BDD0-67915401E4B0}.Release|x64.Build.0 = Release|x64
		{C0F0AE3D-2680-4EDE-BDD0-67915401E4B0}.Release|x86.ActiveCfg = Release|Win32
		{C0F0AE3D-2680-4EDE-BDD0-67915401E4B0}.Release|x86.Build.0 = Release|Win32
	EndGlobalSection
	GlobalSection(SolutionProperties) = preSolution
		HideSolutionNode = FALSE
	EndGlobalSection
	GlobalSection(ExtensibilityGlobals) = postSolution
		SolutionGuid = {0A125EF3-90AE-4B6D-882E-FEFA89BFE357}
	EndGlobalSection
EndGlobal
