
Microsoft Visual Studio Solution File, Format Version 12.00
# Visual Studio 15
VisualStudioVersion = 15.0.28307.1401
MinimumVisualStudioVersion = 10.0.40219.1
Project("{8BC9CEB8-8B4A-11D0-8D11-00A0C91BC942}") = "32 类和对象 封装", "32 类和对象 封装\32 类和对象 封装.vcxproj", "{B075CFC7-BC83-48BC-917F-E45042BF78B0}"
EndProject
Global
	GlobalSection(SolutionConfigurationPlatforms) = preSolution
		Debug|x64 = Debug|x64
		Debug|x86 = Debug|x86
		Release|x64 = Release|x64
		Release|x86 = Release|x86
	EndGlobalSection
	GlobalSection(ProjectConfigurationPlatforms) = postSolution
		{B075CFC7-BC83-48BC-917F-E45042BF78B0}.Debug|x64.ActiveCfg = Debug|x64
		{B075CFC7-BC83-48BC-917F-E45042BF78B0}.Debug|x64.Build.0 = Debug|x64
		{B075CFC7-BC83-48BC-917F-E45042BF78B0}.Debug|x86.ActiveCfg = Debug|Win32
		{B075CFC7-BC83-48BC-917F-E45042BF78B0}.Debug|x86.Build.0 = Debug|Win32
		{B075CFC7-BC83-48BC-917F-E45042BF78B0}.Release|x64.ActiveCfg = Release|x64
		{B075CFC7-BC83-48BC-917F-E45042BF78B0}.Release|x64.Build.0 = Release|x64
		{B075CFC7-BC83-48BC-917F-E45042BF78B0}.Release|x86.ActiveCfg = Release|Win32
		{B075CFC7-BC83-48BC-917F-E45042BF78B0}.Release|x86.Build.0 = Release|Win32
	EndGlobalSection
	GlobalSection(SolutionProperties) = preSolution
		HideSolutionNode = FALSE
	EndGlobalSection
	GlobalSection(ExtensibilityGlobals) = postSolution
		SolutionGuid = {39B6D816-FA80-4697-A5ED-F00C2E9F2175}
	EndGlobalSection
EndGlobal
