
Microsoft Visual Studio Solution File, Format Version 12.00
# Visual Studio 15
VisualStudioVersion = 15.0.28307.1401
MinimumVisualStudioVersion = 10.0.40219.1
Project("{8BC9CEB8-8B4A-11D0-8D11-00A0C91BC942}") = "07 数据类型 转义字符", "07 数据类型 转义字符\07 数据类型 转义字符.vcxproj", "{362A4B22-08AD-47B8-973B-57EEE4A5C131}"
EndProject
Global
	GlobalSection(SolutionConfigurationPlatforms) = preSolution
		Debug|x64 = Debug|x64
		Debug|x86 = Debug|x86
		Release|x64 = Release|x64
		Release|x86 = Release|x86
	EndGlobalSection
	GlobalSection(ProjectConfigurationPlatforms) = postSolution
		{362A4B22-08AD-47B8-973B-57EEE4A5C131}.Debug|x64.ActiveCfg = Debug|x64
		{362A4B22-08AD-47B8-973B-57EEE4A5C131}.Debug|x64.Build.0 = Debug|x64
		{362A4B22-08AD-47B8-973B-57EEE4A5C131}.Debug|x86.ActiveCfg = Debug|Win32
		{362A4B22-08AD-47B8-973B-57EEE4A5C131}.Debug|x86.Build.0 = Debug|Win32
		{362A4B22-08AD-47B8-973B-57EEE4A5C131}.Release|x64.ActiveCfg = Release|x64
		{362A4B22-08AD-47B8-973B-57EEE4A5C131}.Release|x64.Build.0 = Release|x64
		{362A4B22-08AD-47B8-973B-57EEE4A5C131}.Release|x86.ActiveCfg = Release|Win32
		{362A4B22-08AD-47B8-973B-57EEE4A5C131}.Release|x86.Build.0 = Release|Win32
	EndGlobalSection
	GlobalSection(SolutionProperties) = preSolution
		HideSolutionNode = FALSE
	EndGlobalSection
	GlobalSection(ExtensibilityGlobals) = postSolution
		SolutionGuid = {BBF6A485-E72D-4DE3-A0A1-085A85BC075C}
	EndGlobalSection
EndGlobal
