
Microsoft Visual Studio Solution File, Format Version 12.00
# Visual Studio 15
VisualStudioVersion = 15.0.28307.1401
MinimumVisualStudioVersion = 10.0.40219.1
Project("{8BC9CEB8-8B4A-11D0-8D11-00A0C91BC942}") = "15 敲桌子", "15 敲桌子\15 敲桌子.vcxproj", "{E975233C-7284-4F35-8310-9B6F479C1E24}"
EndProject
Global
	GlobalSection(SolutionConfigurationPlatforms) = preSolution
		Debug|x64 = Debug|x64
		Debug|x86 = Debug|x86
		Release|x64 = Release|x64
		Release|x86 = Release|x86
	EndGlobalSection
	GlobalSection(ProjectConfigurationPlatforms) = postSolution
		{E975233C-7284-4F35-8310-9B6F479C1E24}.Debug|x64.ActiveCfg = Debug|x64
		{E975233C-7284-4F35-8310-9B6F479C1E24}.Debug|x64.Build.0 = Debug|x64
		{E975233C-7284-4F35-8310-9B6F479C1E24}.Debug|x86.ActiveCfg = Debug|Win32
		{E975233C-7284-4F35-8310-9B6F479C1E24}.Debug|x86.Build.0 = Debug|Win32
		{E975233C-7284-4F35-8310-9B6F479C1E24}.Release|x64.ActiveCfg = Release|x64
		{E975233C-7284-4F35-8310-9B6F479C1E24}.Release|x64.Build.0 = Release|x64
		{E975233C-7284-4F35-8310-9B6F479C1E24}.Release|x86.ActiveCfg = Release|Win32
		{E975233C-7284-4F35-8310-9B6F479C1E24}.Release|x86.Build.0 = Release|Win32
	EndGlobalSection
	GlobalSection(SolutionProperties) = preSolution
		HideSolutionNode = FALSE
	EndGlobalSection
	GlobalSection(ExtensibilityGlobals) = postSolution
		SolutionGuid = {4E210516-97A0-4285-AD5E-F5CAFA7C130A}
	EndGlobalSection
EndGlobal
