
Microsoft Visual Studio Solution File, Format Version 12.00
# Visual Studio 15
VisualStudioVersion = 15.0.28307.1401
MinimumVisualStudioVersion = 10.0.40219.1
Project("{8BC9CEB8-8B4A-11D0-8D11-00A0C91BC942}") = "05 数据类型 实型", "05 数据类型 实型\05 数据类型 实型.vcxproj", "{CCA87246-7F4E-4028-ABEE-72B4A8E1B0C9}"
EndProject
Global
	GlobalSection(SolutionConfigurationPlatforms) = preSolution
		Debug|x64 = Debug|x64
		Debug|x86 = Debug|x86
		Release|x64 = Release|x64
		Release|x86 = Release|x86
	EndGlobalSection
	GlobalSection(ProjectConfigurationPlatforms) = postSolution
		{CCA87246-7F4E-4028-ABEE-72B4A8E1B0C9}.Debug|x64.ActiveCfg = Debug|x64
		{CCA87246-7F4E-4028-ABEE-72B4A8E1B0C9}.Debug|x64.Build.0 = Debug|x64
		{CCA87246-7F4E-4028-ABEE-72B4A8E1B0C9}.Debug|x86.ActiveCfg = Debug|Win32
		{CCA87246-7F4E-4028-ABEE-72B4A8E1B0C9}.Debug|x86.Build.0 = Debug|Win32
		{CCA87246-7F4E-4028-ABEE-72B4A8E1B0C9}.Release|x64.ActiveCfg = Release|x64
		{CCA87246-7F4E-4028-ABEE-72B4A8E1B0C9}.Release|x64.Build.0 = Release|x64
		{CCA87246-7F4E-4028-ABEE-72B4A8E1B0C9}.Release|x86.ActiveCfg = Release|Win32
		{CCA87246-7F4E-4028-ABEE-72B4A8E1B0C9}.Release|x86.Build.0 = Release|Win32
	EndGlobalSection
	GlobalSection(SolutionProperties) = preSolution
		HideSolutionNode = FALSE
	EndGlobalSection
	GlobalSection(ExtensibilityGlobals) = postSolution
		SolutionGuid = {7701B8CB-65D6-4637-8184-C1CB7EBD523E}
	EndGlobalSection
EndGlobal
